{
  "name": "sample-service",
  "version": "1.0.0",
  "lockfileVersion": 3,
  "requires": true,
  "packages": {
    "": {
      "name": "sample-service",
      "version": "1.0.0",
      "dependencies": {
        "express": "^4.18.2",
        "lodash": "^4.17.21"
      }
    },
    "node_modules/express": {
      "version": "4.18.2",
      "resolved": "https://registry.npmjs.org/express/-/express-4.18.2.tgz",
      "integrity": "sha512-5/PsL6iVEkiGu9KHMBxUwSbJfVw4728ntUJSgVC5peWMQVBP3yVM+8S0LFubsdNMLkrdJPvZFzI8cjWD28jITQ==",
      "dev": false,
      "dependencies": {
        "accepts": "~1.3.8"
      }
    },
    "node_modules/lodash": {
      "version": "4.17.21",
      "resolved": "https://registry.npmjs.org/lodash/-/lodash-4.17.21.tgz",
      "integrity": "sha512-v2kDEe57lecTulaDIuNTPy3Ry4gLGJ6Z1q3vE1krgXZNrsQ+LFTGHVxVjcXPs17LhbZVGedAJv8XZ1tvj5FvSg==",
      "dev": false
    },
    "node_modules/@types/node": {
      "version": "20.11.0",
      "resolved": "https://registry.npmjs.org/@types/node/-/node-20.11.0.tgz",
      "integrity": "sha512-o+/dnQmRAAWNmHutglpWiU1A+K16S3CjAK648f0WCuU92266uTnOQioM30MDdGyv/JraKWVTb+K258fZLzF40w==",
      "dev": true
    }
  }
}
