{
  "name": "basic-app",
  "version": "1.0.0",
  "lockfileVersion": 3,
  "packages": {
    "": {
      "name": "basic-app",
      "version": "1.0.0",
      "dependencies": {
        "cookie": "^0.6.0"
      }
    },
    "node_modules/cookie": {
      "version": "0.6.0",
      "resolved": "https://registry.npmjs.org/cookie/-/cookie-0.6.0.tgz",
      "integrity": "sha512-SO0hLZ95duC1W65uF7L6x0bT8+...",
      "dev": false
    }
  }
}
